
Microsoft Visual Studio Solution File, Format Version 12.00
# Visual Studio Version 17
VisualStudioVersion = 17.8.34330.188
MinimumVisualStudioVersion = 10.0.40219.1
Project("{FAE04EC0-301F-11D3-BF4B-00C04F79EFBC}") = "IELauncher", "IELauncher\IELauncher.csproj", "{5B53622E-1F95-4B79-88DE-81FB88567C1F}"
EndProject
Global
	GlobalSection(SolutionConfigurationPlatforms) = preSolution
		Debug|Any CPU = Debug|Any CPU
		Release|Any CPU = Release|Any CPU
	EndGlobalSection
	GlobalSection(ProjectConfigurationPlatforms) = postSolution
		{5B53622E-1F95-4B79-88DE-81FB88567C1F}.Debug|Any CPU.ActiveCfg = Debug|Any CPU
		{5B53622E-1F95-4B79-88DE-81FB88567C1F}.Debug|Any CPU.Build.0 = Debug|Any CPU
		{5B53622E-1F95-4B79-88DE-81FB88567C1F}.Release|Any CPU.ActiveCfg = Release|Any CPU
		{5B53622E-1F95-4B79-88DE-81FB88567C1F}.Release|Any CPU.Build.0 = Release|Any CPU
	EndGlobalSection
	GlobalSection(SolutionProperties) = preSolution
		HideSolutionNode = FALSE
	EndGlobalSection
	GlobalSection(ExtensibilityGlobals) = postSolution
		SolutionGuid = {A0E074E3-F811-4A81-80FF-110BDB1DAAD7}
	EndGlobalSection
EndGlobal
